<Solution>
  <Configurations>
    <BuildType Name="Debug" />
    <BuildType Name="Release" />
    <Platform Name="Any CPU" />
    <Platform Name="x64" />
    <Platform Name="x86" />
  </Configurations>
  <Folder Name="/src/">
    <Project Path="src/Trains.Core/Trains.Core.csproj" />
  </Folder>
  <Folder Name="/tests/">
    <Project Path="tests/Trains.Core.Tests/Trains.Core.Tests.csproj" />
  </Folder>
</Solution>
